
Microsoft Visual Studio Solution File, Format Version 12.00
# Visual Studio Version 16
VisualStudioVersion = 16.0.33027.164
MinimumVisualStudioVersion = 10.0.40219.1
Project("{FAE04EC0-301F-11D3-BF4B-00C04F79EFBC}") = "AutoStockTrading", "AutoStockTrading\AutoStockTrading.csproj", "{860B4C84-49AA-4770-8969-5962696BD1A0}"
EndProject
Project("{FAE04EC0-301F-11D3-BF4B-00C04F79EFBC}") = "BaseForm", "BaseForm\BaseForm.csproj", "{8BF1CF73-7B93-45F8-A5A8-2C6C3C23035B}"
EndProject
Global
	GlobalSection(SolutionConfigurationPlatforms) = preSolution
		Debug|Any CPU = Debug|Any CPU
		Release|Any CPU = Release|Any CPU
	EndGlobalSection
	GlobalSection(ProjectConfigurationPlatforms) = postSolution
		{860B4C84-49AA-4770-8969-5962696BD1A0}.Debug|Any CPU.ActiveCfg = Debug|Any CPU
		{860B4C84-49AA-4770-8969-5962696BD1A0}.Debug|Any CPU.Build.0 = Debug|Any CPU
		{860B4C84-49AA-4770-8969-5962696BD1A0}.Release|Any CPU.ActiveCfg = Release|Any CPU
		{860B4C84-49AA-4770-8969-5962696BD1A0}.Release|Any CPU.Build.0 = Release|Any CPU
		{8BF1CF73-7B93-45F8-A5A8-2C6C3C23035B}.Debug|Any CPU.ActiveCfg = Debug|Any CPU
		{8BF1CF73-7B93-45F8-A5A8-2C6C3C23035B}.Debug|Any CPU.Build.0 = Debug|Any CPU
		{8BF1CF73-7B93-45F8-A5A8-2C6C3C23035B}.Release|Any CPU.ActiveCfg = Release|Any CPU
		{8BF1CF73-7B93-45F8-A5A8-2C6C3C23035B}.Release|Any CPU.Build.0 = Release|Any CPU
	EndGlobalSection
	GlobalSection(SolutionProperties) = preSolution
		HideSolutionNode = FALSE
	EndGlobalSection
	GlobalSection(ExtensibilityGlobals) = postSolution
		SolutionGuid = {25298589-7B07-48E5-8F00-CB86ED7DDB90}
	EndGlobalSection
EndGlobal
